Microsoft Visual Studio Solution File, Format Version 11.00
# Visual Studio 2008

Project("{C0BC269E-8864-1107-1F87-27F8517850EB}") = "SolidScanlonS", "Assembly-CSharp.csproj", "{AC1E5CDA-709F-D1AB-A376-80C56AC0062A}"
EndProject
Global
	GlobalSection(SolutionConfigurationPlatforms) = preSolution
		Debug|Any CPU = Debug|Any CPU
		Release|Any CPU = Release|Any CPU
	EndGlobalSection
	GlobalSection(ProjectConfigurationPlatforms) = postSolution
		{AC1E5CDA-709F-D1AB-A376-80C56AC0062A}.Debug|Any CPU.ActiveCfg = Debug|Any CPU
		{AC1E5CDA-709F-D1AB-A376-80C56AC0062A}.Debug|Any CPU.Build.0 = Debug|Any CPU
		{AC1E5CDA-709F-D1AB-A376-80C56AC0062A}.Release|Any CPU.ActiveCfg = Release|Any CPU
		{AC1E5CDA-709F-D1AB-A376-80C56AC0062A}.Release|Any CPU.Build.0 = Release|Any CPU
	EndGlobalSection
	GlobalSection(SolutionProperties) = preSolution
		HideSolutionNode = FALSE
	EndGlobalSection
	
EndGlobal
